
Microsoft Visual Studio Solution File, Format Version 12.00
# Visual Studio 2013
VisualStudioVersion = 12.0.21005.1
MinimumVisualStudioVersion = 10.0.40219.1
Project("{8BC9CEB8-8B4A-11D0-8D11-00A0C91BC942}") = "Framework", "Framework\Framework.vcxproj", "{5F0B0EF7-B99A-4DB0-A9A3-7D3758A8E971}"
EndProject
Project("{2150E333-8FDC-42A3-9474-1A3956D46DE8}") = "Solution Items", "Solution Items", "{FCA61088-4FA3-4EB1-AD49-4D2D787B4B9E}"
	ProjectSection(SolutionItems) = preProject
		CMakeLists.txt = CMakeLists.txt
		Framework\main.cpp = Framework\main.cpp
	EndProjectSection
EndProject
Project("{8BC9CEB8-8B4A-11D0-8D11-00A0C91BC942}") = "Framework.Math", "Framework.Math\Framework.Math.vcxproj", "{6650C2E2-C237-4DFA-8AA1-73FDB1391511}"
EndProject
Project("{8BC9CEB8-8B4A-11D0-8D11-00A0C91BC942}") = "Framework.Curves", "Framework.Curves\Framework.Curves.vcxproj", "{DB1E8A47-DA4F-4C97-BCE0-C17985AD3DD0}"
EndProject
Project("{8BC9CEB8-8B4A-11D0-8D11-00A0C91BC942}") = "Framework.Graphics", "Framework.Graphics\Framework.Graphics.vcxproj", "{43DD4A57-55E2-43F8-82E3-D38C110EB135}"
	ProjectSection(ProjectDependencies) = postProject
		{05EA4059-58DF-4433-B94E-DDE2C905AD88} = {05EA4059-58DF-4433-B94E-DDE2C905AD88}
		{6650C2E2-C237-4DFA-8AA1-73FDB1391511} = {6650C2E2-C237-4DFA-8AA1-73FDB1391511}
		{030D63F0-631F-452A-ABB7-1D1DD06FA146} = {030D63F0-631F-452A-ABB7-1D1DD06FA146}
		{6C03B4FA-9603-417E-BEF8-7A8D3724399B} = {6C03B4FA-9603-417E-BEF8-7A8D3724399B}
	EndProjectSection
EndProject
Project("{8BC9CEB8-8B4A-11D0-8D11-00A0C91BC942}") = "Framework.Graphics.PackedVector", "Framework.Graphics.PackedVector\Framework.Graphics.PackedVector.vcxproj", "{030D63F0-631F-452A-ABB7-1D1DD06FA146}"
	ProjectSection(ProjectDependencies) = postProject
		{6650C2E2-C237-4DFA-8AA1-73FDB1391511} = {6650C2E2-C237-4DFA-8AA1-73FDB1391511}
	EndProjectSection
EndProject
Project("{8BC9CEB8-8B4A-11D0-8D11-00A0C91BC942}") = "Framework.Input", "Framework.Input\Framework.Input.vcxproj", "{FB25FCA2-EEB3-4DEA-818B-64AA3A729BD6}"
EndProject
Project("{8BC9CEB8-8B4A-11D0-8D11-00A0C91BC942}") = "Framework.Geometry", "Framework.Geometry\Framework.Geometry.vcxproj", "{CD627C91-5435-4A4C-B8CA-1F00D22FA43F}"
	ProjectSection(ProjectDependencies) = postProject
		{6650C2E2-C237-4DFA-8AA1-73FDB1391511} = {6650C2E2-C237-4DFA-8AA1-73FDB1391511}
	EndProjectSection
EndProject
Project("{8BC9CEB8-8B4A-11D0-8D11-00A0C91BC942}") = "libglew_static", "external\glew\VS\libglew_static.vcxproj", "{6C03B4FA-9603-417E-BEF8-7A8D3724399B}"
EndProject
Project("{8BC9CEB8-8B4A-11D0-8D11-00A0C91BC942}") = "glfw", "external\glfw\VS\src\glfw.vcxproj", "{05EA4059-58DF-4433-B94E-DDE2C905AD88}"
EndProject
Global
	GlobalSection(SolutionConfigurationPlatforms) = preSolution
		Debug|Win32 = Debug|Win32
		MinSizeRel|Win32 = MinSizeRel|Win32
		Release|Win32 = Release|Win32
		RelWithDebInfo|Win32 = RelWithDebInfo|Win32
	EndGlobalSection
	GlobalSection(ProjectConfigurationPlatforms) = postSolution
		{5F0B0EF7-B99A-4DB0-A9A3-7D3758A8E971}.Debug|Win32.ActiveCfg = Debug|Win32
		{5F0B0EF7-B99A-4DB0-A9A3-7D3758A8E971}.Debug|Win32.Build.0 = Debug|Win32
		{5F0B0EF7-B99A-4DB0-A9A3-7D3758A8E971}.MinSizeRel|Win32.ActiveCfg = Release|Win32
		{5F0B0EF7-B99A-4DB0-A9A3-7D3758A8E971}.MinSizeRel|Win32.Build.0 = Release|Win32
		{5F0B0EF7-B99A-4DB0-A9A3-7D3758A8E971}.Release|Win32.ActiveCfg = Release|Win32
		{5F0B0EF7-B99A-4DB0-A9A3-7D3758A8E971}.Release|Win32.Build.0 = Release|Win32
		{5F0B0EF7-B99A-4DB0-A9A3-7D3758A8E971}.RelWithDebInfo|Win32.ActiveCfg = Release|Win32
		{5F0B0EF7-B99A-4DB0-A9A3-7D3758A8E971}.RelWithDebInfo|Win32.Build.0 = Release|Win32
		{6650C2E2-C237-4DFA-8AA1-73FDB1391511}.Debug|Win32.ActiveCfg = Debug|Win32
		{6650C2E2-C237-4DFA-8AA1-73FDB1391511}.Debug|Win32.Build.0 = Debug|Win32
		{6650C2E2-C237-4DFA-8AA1-73FDB1391511}.MinSizeRel|Win32.ActiveCfg = Release|Win32
		{6650C2E2-C237-4DFA-8AA1-73FDB1391511}.MinSizeRel|Win32.Build.0 = Release|Win32
		{6650C2E2-C237-4DFA-8AA1-73FDB1391511}.Release|Win32.ActiveCfg = Release|Win32
		{6650C2E2-C237-4DFA-8AA1-73FDB1391511}.Release|Win32.Build.0 = Release|Win32
		{6650C2E2-C237-4DFA-8AA1-73FDB1391511}.RelWithDebInfo|Win32.ActiveCfg = Release|Win32
		{6650C2E2-C237-4DFA-8AA1-73FDB1391511}.RelWithDebInfo|Win32.Build.0 = Release|Win32
		{DB1E8A47-DA4F-4C97-BCE0-C17985AD3DD0}.Debug|Win32.ActiveCfg = Debug|Win32
		{DB1E8A47-DA4F-4C97-BCE0-C17985AD3DD0}.Debug|Win32.Build.0 = Debug|Win32
		{DB1E8A47-DA4F-4C97-BCE0-C17985AD3DD0}.MinSizeRel|Win32.ActiveCfg = Release|Win32
		{DB1E8A47-DA4F-4C97-BCE0-C17985AD3DD0}.MinSizeRel|Win32.Build.0 = Release|Win32
		{DB1E8A47-DA4F-4C97-BCE0-C17985AD3DD0}.Release|Win32.ActiveCfg = Release|Win32
		{DB1E8A47-DA4F-4C97-BCE0-C17985AD3DD0}.Release|Win32.Build.0 = Release|Win32
		{DB1E8A47-DA4F-4C97-BCE0-C17985AD3DD0}.RelWithDebInfo|Win32.ActiveCfg = Release|Win32
		{DB1E8A47-DA4F-4C97-BCE0-C17985AD3DD0}.RelWithDebInfo|Win32.Build.0 = Release|Win32
		{43DD4A57-55E2-43F8-82E3-D38C110EB135}.Debug|Win32.ActiveCfg = Debug|Win32
		{43DD4A57-55E2-43F8-82E3-D38C110EB135}.Debug|Win32.Build.0 = Debug|Win32
		{43DD4A57-55E2-43F8-82E3-D38C110EB135}.MinSizeRel|Win32.ActiveCfg = Release|Win32
		{43DD4A57-55E2-43F8-82E3-D38C110EB135}.MinSizeRel|Win32.Build.0 = Release|Win32
		{43DD4A57-55E2-43F8-82E3-D38C110EB135}.Release|Win32.ActiveCfg = Release|Win32
		{43DD4A57-55E2-43F8-82E3-D38C110EB135}.Release|Win32.Build.0 = Release|Win32
		{43DD4A57-55E2-43F8-82E3-D38C110EB135}.RelWithDebInfo|Win32.ActiveCfg = Release|Win32
		{43DD4A57-55E2-43F8-82E3-D38C110EB135}.RelWithDebInfo|Win32.Build.0 = Release|Win32
		{030D63F0-631F-452A-ABB7-1D1DD06FA146}.Debug|Win32.ActiveCfg = Debug|Win32
		{030D63F0-631F-452A-ABB7-1D1DD06FA146}.Debug|Win32.Build.0 = Debug|Win32
		{030D63F0-631F-452A-ABB7-1D1DD06FA146}.MinSizeRel|Win32.ActiveCfg = Release|Win32
		{030D63F0-631F-452A-ABB7-1D1DD06FA146}.MinSizeRel|Win32.Build.0 = Release|Win32
		{030D63F0-631F-452A-ABB7-1D1DD06FA146}.Release|Win32.ActiveCfg = Release|Win32
		{030D63F0-631F-452A-ABB7-1D1DD06FA146}.Release|Win32.Build.0 = Release|Win32
		{030D63F0-631F-452A-ABB7-1D1DD06FA146}.RelWithDebInfo|Win32.ActiveCfg = Release|Win32
		{030D63F0-631F-452A-ABB7-1D1DD06FA146}.RelWithDebInfo|Win32.Build.0 = Release|Win32
		{FB25FCA2-EEB3-4DEA-818B-64AA3A729BD6}.Debug|Win32.ActiveCfg = Debug|Win32
		{FB25FCA2-EEB3-4DEA-818B-64AA3A729BD6}.Debug|Win32.Build.0 = Debug|Win32
		{FB25FCA2-EEB3-4DEA-818B-64AA3A729BD6}.MinSizeRel|Win32.ActiveCfg = Release|Win32
		{FB25FCA2-EEB3-4DEA-818B-64AA3A729BD6}.MinSizeRel|Win32.Build.0 = Release|Win32
		{FB25FCA2-EEB3-4DEA-818B-64AA3A729BD6}.Release|Win32.ActiveCfg = Release|Win32
		{FB25FCA2-EEB3-4DEA-818B-64AA3A729BD6}.Release|Win32.Build.0 = Release|Win32
		{FB25FCA2-EEB3-4DEA-818B-64AA3A729BD6}.RelWithDebInfo|Win32.ActiveCfg = Release|Win32
		{FB25FCA2-EEB3-4DEA-818B-64AA3A729BD6}.RelWithDebInfo|Win32.Build.0 = Release|Win32
		{CD627C91-5435-4A4C-B8CA-1F00D22FA43F}.Debug|Win32.ActiveCfg = Debug|Win32
		{CD627C91-5435-4A4C-B8CA-1F00D22FA43F}.Debug|Win32.Build.0 = Debug|Win32
		{CD627C91-5435-4A4C-B8CA-1F00D22FA43F}.MinSizeRel|Win32.ActiveCfg = Release|Win32
		{CD627C91-5435-4A4C-B8CA-1F00D22FA43F}.MinSizeRel|Win32.Build.0 = Release|Win32
		{CD627C91-5435-4A4C-B8CA-1F00D22FA43F}.Release|Win32.ActiveCfg = Release|Win32
		{CD627C91-5435-4A4C-B8CA-1F00D22FA43F}.Release|Win32.Build.0 = Release|Win32
		{CD627C91-5435-4A4C-B8CA-1F00D22FA43F}.RelWithDebInfo|Win32.ActiveCfg = Release|Win32
		{CD627C91-5435-4A4C-B8CA-1F00D22FA43F}.RelWithDebInfo|Win32.Build.0 = Release|Win32
		{6C03B4FA-9603-417E-BEF8-7A8D3724399B}.Debug|Win32.ActiveCfg = Debug|Win32
		{6C03B4FA-9603-417E-BEF8-7A8D3724399B}.Debug|Win32.Build.0 = Debug|Win32
		{6C03B4FA-9603-417E-BEF8-7A8D3724399B}.MinSizeRel|Win32.ActiveCfg = MinSizeRel|Win32
		{6C03B4FA-9603-417E-BEF8-7A8D3724399B}.MinSizeRel|Win32.Build.0 = MinSizeRel|Win32
		{6C03B4FA-9603-417E-BEF8-7A8D3724399B}.Release|Win32.ActiveCfg = Release|Win32
		{6C03B4FA-9603-417E-BEF8-7A8D3724399B}.Release|Win32.Build.0 = Release|Win32
		{6C03B4FA-9603-417E-BEF8-7A8D3724399B}.RelWithDebInfo|Win32.ActiveCfg = RelWithDebInfo|Win32
		{6C03B4FA-9603-417E-BEF8-7A8D3724399B}.RelWithDebInfo|Win32.Build.0 = RelWithDebInfo|Win32
		{05EA4059-58DF-4433-B94E-DDE2C905AD88}.Debug|Win32.ActiveCfg = Debug|Win32
		{05EA4059-58DF-4433-B94E-DDE2C905AD88}.Debug|Win32.Build.0 = Debug|Win32
		{05EA4059-58DF-4433-B94E-DDE2C905AD88}.MinSizeRel|Win32.ActiveCfg = MinSizeRel|Win32
		{05EA4059-58DF-4433-B94E-DDE2C905AD88}.MinSizeRel|Win32.Build.0 = MinSizeRel|Win32
		{05EA4059-58DF-4433-B94E-DDE2C905AD88}.Release|Win32.ActiveCfg = Release|Win32
		{05EA4059-58DF-4433-B94E-DDE2C905AD88}.Release|Win32.Build.0 = Release|Win32
		{05EA4059-58DF-4433-B94E-DDE2C905AD88}.RelWithDebInfo|Win32.ActiveCfg = RelWithDebInfo|Win32
		{05EA4059-58DF-4433-B94E-DDE2C905AD88}.RelWithDebInfo|Win32.Build.0 = RelWithDebInfo|Win32
	EndGlobalSection
	GlobalSection(SolutionProperties) = preSolution
		HideSolutionNode = FALSE
	EndGlobalSection
EndGlobal
