<?xml version="1.0" encoding="utf-8"?>
<Project ToolsVersion="4.0" xmlns="http://schemas.microsoft.com/developer/msbuild/2003">
  <ItemGroup>
    <Filter Include="Source Files">
      <UniqueIdentifier>{4FC737F1-C7A5-4376-A066-2A32D752A2FF}</UniqueIdentifier>
      <Extensions>cpp;c;cc;cxx;def;odl;idl;hpj;bat;asm;asmx</Extensions>
    </Filter>
    <Filter Include="Header Files">
      <UniqueIdentifier>{93995380-89BD-4b04-88EB-625FBE52EBFB}</UniqueIdentifier>
      <Extensions>h;hh;hpp;hxx;hm;inl;inc;xsd</Extensions>
    </Filter>
    <Filter Include="Resource Files">
      <UniqueIdentifier>{67DA6AB6-F800-4c08-8B7A-83BB121AAD01}</UniqueIdentifier>
      <Extensions>rc;ico;cur;bmp;dlg;rc2;rct;bin;rgs;gif;jpg;jpeg;jpe;resx;tiff;tif;png;wav;mfcribbon-ms</Extensions>
    </Filter>
  </ItemGroup>
  <ItemGroup>
    <ClInclude Include="include\Blend.h">
      <Filter>Header Files</Filter>
    </ClInclude>
    <ClInclude Include="include\BlendFunction.h">
      <Filter>Header Files</Filter>
    </ClInclude>
    <ClInclude Include="include\BlendState.h">
      <Filter>Header Files</Filter>
    </ClInclude>
    <ClInclude Include="include\BufferUsage.h">
      <Filter>Header Files</Filter>
    </ClInclude>
    <ClInclude Include="include\ClearOptions.h">
      <Filter>Header Files</Filter>
    </ClInclude>
    <ClInclude Include="include\ColorWriteChannels.h">
      <Filter>Header Files</Filter>
    </ClInclude>
    <ClInclude Include="include\CompareFunction.h">
      <Filter>Header Files</Filter>
    </ClInclude>
    <ClInclude Include="include\CubeMapFace.h">
      <Filter>Header Files</Filter>
    </ClInclude>
    <ClInclude Include="include\CullMode.h">
      <Filter>Header Files</Filter>
    </ClInclude>
    <ClInclude Include="include\DepthFormat.h">
      <Filter>Header Files</Filter>
    </ClInclude>
    <ClInclude Include="include\DepthStencilState.h">
      <Filter>Header Files</Filter>
    </ClInclude>
    <ClInclude Include="include\DirectionalLight.h">
      <Filter>Header Files</Filter>
    </ClInclude>
    <ClInclude Include="include\DisplayMode.h">
      <Filter>Header Files</Filter>
    </ClInclude>
    <ClInclude Include="include\DisplayModeCollection.h">
      <Filter>Header Files</Filter>
    </ClInclude>
    <ClInclude Include="include\DynamicIndexBuffer.h">
      <Filter>Header Files</Filter>
    </ClInclude>
    <ClInclude Include="include\DynamicVertexBuffer.h">
      <Filter>Header Files</Filter>
    </ClInclude>
    <ClInclude Include="include\Effect.h">
      <Filter>Header Files</Filter>
    </ClInclude>
    <ClInclude Include="include\EffectParameter.h">
      <Filter>Header Files</Filter>
    </ClInclude>
    <ClInclude Include="include\EffectParameterClass.h">
      <Filter>Header Files</Filter>
    </ClInclude>
    <ClInclude Include="include\EffectParameterCollection.h">
      <Filter>Header Files</Filter>
    </ClInclude>
    <ClInclude Include="include\EffectParameterType.h">
      <Filter>Header Files</Filter>
    </ClInclude>
    <ClInclude Include="include\EffectProgram.h">
      <Filter>Header Files</Filter>
    </ClInclude>
    <ClInclude Include="include\EffectProgramCollection.h">
      <Filter>Header Files</Filter>
    </ClInclude>
    <ClInclude Include="include\FillMode.h">
      <Filter>Header Files</Filter>
    </ClInclude>
    <ClInclude Include="include\GraphicsAdapter.h">
      <Filter>Header Files</Filter>
    </ClInclude>
    <ClInclude Include="include\GraphicsDevice.h">
      <Filter>Header Files</Filter>
    </ClInclude>
    <ClInclude Include="include\GraphicsDeviceStatus.h">
      <Filter>Header Files</Filter>
    </ClInclude>
    <ClInclude Include="include\GraphicsProfile.h">
      <Filter>Header Files</Filter>
    </ClInclude>
    <ClInclude Include="include\GraphicsResource.h">
      <Filter>Header Files</Filter>
    </ClInclude>
    <ClInclude Include="include\IEffectFog.h">
      <Filter>Header Files</Filter>
    </ClInclude>
    <ClInclude Include="include\IEffectMatrices.h">
      <Filter>Header Files</Filter>
    </ClInclude>
    <ClInclude Include="include\IndexBuffer.h">
      <Filter>Header Files</Filter>
    </ClInclude>
    <ClInclude Include="include\IndexElementSize.h">
      <Filter>Header Files</Filter>
    </ClInclude>
    <ClInclude Include="include\IVertexType.h">
      <Filter>Header Files</Filter>
    </ClInclude>
    <ClInclude Include="include\OcclusionQuery.h">
      <Filter>Header Files</Filter>
    </ClInclude>
    <ClInclude Include="include\PresentationParameters.h">
      <Filter>Header Files</Filter>
    </ClInclude>
    <ClInclude Include="include\PresentInterval.h">
      <Filter>Header Files</Filter>
    </ClInclude>
    <ClInclude Include="include\PrimitiveType.h">
      <Filter>Header Files</Filter>
    </ClInclude>
    <ClInclude Include="include\RasterizerState.h">
      <Filter>Header Files</Filter>
    </ClInclude>
    <ClInclude Include="include\RenderTarget2D.h">
      <Filter>Header Files</Filter>
    </ClInclude>
    <ClInclude Include="include\RenderTargetBinding.h">
      <Filter>Header Files</Filter>
    </ClInclude>
    <ClInclude Include="include\RenderTargetCube.h">
      <Filter>Header Files</Filter>
    </ClInclude>
    <ClInclude Include="include\RenderTargetUsage.h">
      <Filter>Header Files</Filter>
    </ClInclude>
    <ClInclude Include="include\SamplerState.h">
      <Filter>Header Files</Filter>
    </ClInclude>
    <ClInclude Include="include\SamplerStateCollection.h">
      <Filter>Header Files</Filter>
    </ClInclude>
    <ClInclude Include="include\SetDataOptions.h">
      <Filter>Header Files</Filter>
    </ClInclude>
    <ClInclude Include="include\SpriteBatch.h">
      <Filter>Header Files</Filter>
    </ClInclude>
    <ClInclude Include="include\SpriteEffects.h">
      <Filter>Header Files</Filter>
    </ClInclude>
    <ClInclude Include="include\SpriteFont.h">
      <Filter>Header Files</Filter>
    </ClInclude>
    <ClInclude Include="include\SpriteSortMode.h">
      <Filter>Header Files</Filter>
    </ClInclude>
    <ClInclude Include="include\StencilOperation.h">
      <Filter>Header Files</Filter>
    </ClInclude>
    <ClInclude Include="include\SurfaceFormat.h">
      <Filter>Header Files</Filter>
    </ClInclude>
    <ClInclude Include="include\Texture.h">
      <Filter>Header Files</Filter>
    </ClInclude>
    <ClInclude Include="include\Texture2D.h">
      <Filter>Header Files</Filter>
    </ClInclude>
    <ClInclude Include="include\Texture3D.h">
      <Filter>Header Files</Filter>
    </ClInclude>
    <ClInclude Include="include\TextureAddressMode.h">
      <Filter>Header Files</Filter>
    </ClInclude>
    <ClInclude Include="include\TextureCollection.h">
      <Filter>Header Files</Filter>
    </ClInclude>
    <ClInclude Include="include\TextureCube.h">
      <Filter>Header Files</Filter>
    </ClInclude>
    <ClInclude Include="include\TextureFilter.h">
      <Filter>Header Files</Filter>
    </ClInclude>
    <ClInclude Include="include\VertexBuffer.h">
      <Filter>Header Files</Filter>
    </ClInclude>
    <ClInclude Include="include\VertexBufferBinding.h">
      <Filter>Header Files</Filter>
    </ClInclude>
    <ClInclude Include="include\VertexDeclaration.h">
      <Filter>Header Files</Filter>
    </ClInclude>
    <ClInclude Include="include\VertexElement.h">
      <Filter>Header Files</Filter>
    </ClInclude>
    <ClInclude Include="include\VertexElementFormat.h">
      <Filter>Header Files</Filter>
    </ClInclude>
    <ClInclude Include="include\VertexElementUsage.h">
      <Filter>Header Files</Filter>
    </ClInclude>
    <ClInclude Include="include\VertexPositionColor.h">
      <Filter>Header Files</Filter>
    </ClInclude>
    <ClInclude Include="include\VertexPositionColorTexture.h">
      <Filter>Header Files</Filter>
    </ClInclude>
    <ClInclude Include="include\VertexPositionNormalTexture.h">
      <Filter>Header Files</Filter>
    </ClInclude>
    <ClInclude Include="include\VertexPositionTexture.h">
      <Filter>Header Files</Filter>
    </ClInclude>
    <ClInclude Include="include\Viewport.h">
      <Filter>Header Files</Filter>
    </ClInclude>
  </ItemGroup>
  <ItemGroup>
    <ClCompile Include="src\DisplayMode.cpp">
      <Filter>Source Files</Filter>
    </ClCompile>
    <ClCompile Include="src\GraphicsAdapter.cpp">
      <Filter>Source Files</Filter>
    </ClCompile>
    <ClCompile Include="src\GraphicsDevice.cpp">
      <Filter>Source Files</Filter>
    </ClCompile>
    <ClCompile Include="src\PresentationParameters.cpp">
      <Filter>Source Files</Filter>
    </ClCompile>
  </ItemGroup>
  <ItemGroup>
    <Text Include="src\CMakeLists.txt" />
  </ItemGroup>
</Project>