<?xml version="1.0" encoding="utf-8"?>
<Project ToolsVersion="4.0" xmlns="http://schemas.microsoft.com/developer/msbuild/2003">
  <ItemGroup>
    <Filter Include="Source Files">
      <UniqueIdentifier>{4FC737F1-C7A5-4376-A066-2A32D752A2FF}</UniqueIdentifier>
      <Extensions>cpp;c;cc;cxx;def;odl;idl;hpj;bat;asm;asmx</Extensions>
    </Filter>
    <Filter Include="Header Files">
      <UniqueIdentifier>{93995380-89BD-4b04-88EB-625FBE52EBFB}</UniqueIdentifier>
      <Extensions>h;hh;hpp;hxx;hm;inl;inc;xsd</Extensions>
    </Filter>
    <Filter Include="Resource Files">
      <UniqueIdentifier>{67DA6AB6-F800-4c08-8B7A-83BB121AAD01}</UniqueIdentifier>
      <Extensions>rc;ico;cur;bmp;dlg;rc2;rct;bin;rgs;gif;jpg;jpeg;jpe;resx;tiff;tif;png;wav;mfcribbon-ms</Extensions>
    </Filter>
  </ItemGroup>
  <ItemGroup>
    <ClInclude Include="include\Alpha8.h">
      <Filter>Header Files</Filter>
    </ClInclude>
    <ClInclude Include="include\Bgr565.h">
      <Filter>Header Files</Filter>
    </ClInclude>
    <ClInclude Include="include\Bgra4444.h">
      <Filter>Header Files</Filter>
    </ClInclude>
    <ClInclude Include="include\Bgra5551.h">
      <Filter>Header Files</Filter>
    </ClInclude>
    <ClInclude Include="include\Byte4.h">
      <Filter>Header Files</Filter>
    </ClInclude>
    <ClInclude Include="include\HalfSingle.h">
      <Filter>Header Files</Filter>
    </ClInclude>
    <ClInclude Include="include\HalfVector2.h">
      <Filter>Header Files</Filter>
    </ClInclude>
    <ClInclude Include="include\HalfVector4.h">
      <Filter>Header Files</Filter>
    </ClInclude>
    <ClInclude Include="include\IPackedVector.h">
      <Filter>Header Files</Filter>
    </ClInclude>
    <ClInclude Include="include\NormalizedByte2.h">
      <Filter>Header Files</Filter>
    </ClInclude>
    <ClInclude Include="include\NormalizedByte4.h">
      <Filter>Header Files</Filter>
    </ClInclude>
    <ClInclude Include="include\NormalizedShort2.h">
      <Filter>Header Files</Filter>
    </ClInclude>
    <ClInclude Include="include\NormalizedShort4.h">
      <Filter>Header Files</Filter>
    </ClInclude>
    <ClInclude Include="include\Rg32.h">
      <Filter>Header Files</Filter>
    </ClInclude>
    <ClInclude Include="include\Rgba64.h">
      <Filter>Header Files</Filter>
    </ClInclude>
    <ClInclude Include="include\Rgba1010102.h">
      <Filter>Header Files</Filter>
    </ClInclude>
    <ClInclude Include="include\Short2.h">
      <Filter>Header Files</Filter>
    </ClInclude>
    <ClInclude Include="include\Short4.h">
      <Filter>Header Files</Filter>
    </ClInclude>
  </ItemGroup>
  <ItemGroup>
    <ClCompile Include="src\Alpha8.cpp">
      <Filter>Source Files</Filter>
    </ClCompile>
    <ClCompile Include="src\Bgr565.cpp">
      <Filter>Source Files</Filter>
    </ClCompile>
    <ClCompile Include="src\Bgra5551.cpp">
      <Filter>Source Files</Filter>
    </ClCompile>
    <ClCompile Include="src\Byte4.cpp">
      <Filter>Source Files</Filter>
    </ClCompile>
    <ClCompile Include="src\HalfSingle.cpp">
      <Filter>Source Files</Filter>
    </ClCompile>
    <ClCompile Include="src\HalfVector2.cpp">
      <Filter>Source Files</Filter>
    </ClCompile>
    <ClCompile Include="src\HalfVector4.cpp">
      <Filter>Source Files</Filter>
    </ClCompile>
    <ClCompile Include="src\NormalizedByte2.cpp">
      <Filter>Source Files</Filter>
    </ClCompile>
    <ClCompile Include="src\NormalizedByte4.cpp">
      <Filter>Source Files</Filter>
    </ClCompile>
    <ClCompile Include="src\NormalizedShort2.cpp">
      <Filter>Source Files</Filter>
    </ClCompile>
    <ClCompile Include="src\NormalizedShort4.cpp">
      <Filter>Source Files</Filter>
    </ClCompile>
    <ClCompile Include="src\Bgra4444.cpp">
      <Filter>Source Files</Filter>
    </ClCompile>
    <ClCompile Include="src\Rg32.cpp">
      <Filter>Source Files</Filter>
    </ClCompile>
    <ClCompile Include="src\Rgba64.cpp">
      <Filter>Source Files</Filter>
    </ClCompile>
  </ItemGroup>
</Project>