<?xml version="1.0" encoding="utf-8"?>
<Project ToolsVersion="4.0" xmlns="http://schemas.microsoft.com/developer/msbuild/2003">
  <ItemGroup>
    <ClInclude Include="include\MathHelper.h" />
    <ClInclude Include="include\Matrix.h" />
    <ClInclude Include="include\Quaternion.h" />
    <ClInclude Include="include\Vector2.h" />
    <ClInclude Include="include\Vector3.h" />
    <ClInclude Include="include\Vector4.h" />
  </ItemGroup>
  <ItemGroup>
    <Text Include="src\CMakeLists.txt" />
  </ItemGroup>
  <ItemGroup>
    <ClCompile Include="src\MathHelper.cpp" />
    <ClCompile Include="src\Matrix.cpp" />
    <ClCompile Include="src\Quaternion.cpp" />
    <ClCompile Include="src\Vector2.cpp" />
    <ClCompile Include="src\Vector3.cpp" />
    <ClCompile Include="src\Vector4.cpp" />
  </ItemGroup>
</Project>